
Microsoft Visual Studio Solution File, Format Version 12.00
# Visual Studio Version 17
VisualStudioVersion = 17.3.32922.545
MinimumVisualStudioVersion = 10.0.40219.1
Project("{8BC9CEB8-8B4A-11D0-8D11-00A0C91BC942}") = "CS103_A_1_Task_6", "CS103_A_1_Task_6\CS103_A_1_Task_6.vcxproj", "{D2A1C20C-2BDB-498E-8354-43E239C9929A}"
EndProject
Global
	GlobalSection(SolutionConfigurationPlatforms) = preSolution
		Debug|x64 = Debug|x64
		Debug|x86 = Debug|x86
		Release|x64 = Release|x64
		Release|x86 = Release|x86
	EndGlobalSection
	GlobalSection(ProjectConfigurationPlatforms) = postSolution
		{D2A1C20C-2BDB-498E-8354-43E239C9929A}.Debug|x64.ActiveCfg = Debug|x64
		{D2A1C20C-2BDB-498E-8354-43E239C9929A}.Debug|x64.Build.0 = Debug|x64
		{D2A1C20C-2BDB-498E-8354-43E239C9929A}.Debug|x86.ActiveCfg = Debug|Win32
		{D2A1C20C-2BDB-498E-8354-43E239C9929A}.Debug|x86.Build.0 = Debug|Win32
		{D2A1C20C-2BDB-498E-8354-43E239C9929A}.Release|x64.ActiveCfg = Release|x64
		{D2A1C20C-2BDB-498E-8354-43E239C9929A}.Release|x64.Build.0 = Release|x64
		{D2A1C20C-2BDB-498E-8354-43E239C9929A}.Release|x86.ActiveCfg = Release|Win32
		{D2A1C20C-2BDB-498E-8354-43E239C9929A}.Release|x86.Build.0 = Release|Win32
	EndGlobalSection
	GlobalSection(SolutionProperties) = preSolution
		HideSolutionNode = FALSE
	EndGlobalSection
	GlobalSection(ExtensibilityGlobals) = postSolution
		SolutionGuid = {32A87DB2-0EDC-47D6-A8FC-007A80BEA7E9}
	EndGlobalSection
EndGlobal
