
Microsoft Visual Studio Solution File, Format Version 12.00
# Visual Studio Version 17
VisualStudioVersion = 17.3.32811.315
MinimumVisualStudioVersion = 10.0.40219.1
Project("{8BC9CEB8-8B4A-11D0-8D11-00A0C91BC942}") = "Development_Assessment_2_task_3", "Development_Assessment_2_task_3\Development_Assessment_2_task_3.vcxproj", "{878A21D0-36A8-44F8-8125-CF83FA08E211}"
EndProject
Global
	GlobalSection(SolutionConfigurationPlatforms) = preSolution
		Debug|x64 = Debug|x64
		Debug|x86 = Debug|x86
		Release|x64 = Release|x64
		Release|x86 = Release|x86
	EndGlobalSection
	GlobalSection(ProjectConfigurationPlatforms) = postSolution
		{878A21D0-36A8-44F8-8125-CF83FA08E211}.Debug|x64.ActiveCfg = Debug|x64
		{878A21D0-36A8-44F8-8125-CF83FA08E211}.Debug|x64.Build.0 = Debug|x64
		{878A21D0-36A8-44F8-8125-CF83FA08E211}.Debug|x86.ActiveCfg = Debug|Win32
		{878A21D0-36A8-44F8-8125-CF83FA08E211}.Debug|x86.Build.0 = Debug|Win32
		{878A21D0-36A8-44F8-8125-CF83FA08E211}.Release|x64.ActiveCfg = Release|x64
		{878A21D0-36A8-44F8-8125-CF83FA08E211}.Release|x64.Build.0 = Release|x64
		{878A21D0-36A8-44F8-8125-CF83FA08E211}.Release|x86.ActiveCfg = Release|Win32
		{878A21D0-36A8-44F8-8125-CF83FA08E211}.Release|x86.Build.0 = Release|Win32
	EndGlobalSection
	GlobalSection(SolutionProperties) = preSolution
		HideSolutionNode = FALSE
	EndGlobalSection
	GlobalSection(ExtensibilityGlobals) = postSolution
		SolutionGuid = {A802D67A-579D-48D3-9A2F-42AA07C79060}
	EndGlobalSection
EndGlobal
